// !$*UTF8*$!
{
	archiveVersion = 1;
	classes = {
	};
	objectVersion = 56;
	objects = {

/* Begin PBXBuildFile section */
		213C03CD2A6F051400ACE2C2 /* AppDelegate.swift in Sources */ = {isa = PBXBuildFile; fileRef = 213C03CC2A6F051400ACE2C2 /* AppDelegate.swift */; };
		213C03CF2A6F051400ACE2C2 /* SceneDelegate.swift in Sources */ = {isa = PBXBuildFile; fileRef = 213C03CE2A6F051400ACE2C2 /* SceneDelegate.swift */; };
		213C03D12A6F051400ACE2C2 /* ViewController.swift in Sources */ = {isa = PBXBuildFile; fileRef = 213C03D02A6F051400ACE2C2 /* ViewController.swift */; };
		213C03D42A6F051400ACE2C2 /* Main.storyboard in Resources */ = {isa = PBXBuildFile; fileRef = 213C03D22A6F051400ACE2C2 /* Main.storyboard */; };
		213C03D62A6F051600ACE2C2 /* Assets.xcassets in Resources */ = {isa = PBXBuildFile; fileRef = 213C03D52A6F051600ACE2C2 /* Assets.xcassets */; };
		213C03D92A6F051600ACE2C2 /* LaunchScreen.storyboard in Resources */ = {isa = PBXBuildFile; fileRef = 213C03D72A6F051600ACE2C2 /* LaunchScreen.storyboard */; };
		213C03E42A6F051600ACE2C2 /* QuizAppTests.swift in Sources */ = {isa = PBXBuildFile; fileRef = 213C03E32A6F051600ACE2C2 /* QuizAppTests.swift */; };
		213C03EE2A6F051600ACE2C2 /* QuizAppUITests.swift in Sources */ = {isa = PBXBuildFile; fileRef = 213C03ED2A6F051600ACE2C2 /* QuizAppUITests.swift */; };
		213C03F02A6F051600ACE2C2 /* QuizAppUITestsLaunchTests.swift in Sources */ = {isa = PBXBuildFile; fileRef = 213C03EF2A6F051600ACE2C2 /* QuizAppUITestsLaunchTests.swift */; };
		21ED3ACC2A7845B5008C2CA0 /* Question.swift in Sources */ = {isa = PBXBuildFile; fileRef = 21ED3ACB2A7845B5008C2CA0 /* Question.swift */; };
/* End PBXBuildFile section */

/* Begin PBXContainerItemProxy section */
		213C03E02A6F051600ACE2C2 /* PBXContainerItemProxy */ = {
			isa = PBXContainerItemProxy;
			containerPortal = 213C03C12A6F051400ACE2C2 /* Project object */;
			proxyType = 1;
			remoteGlobalIDString = 213C03C82A6F051400ACE2C2;
			remoteInfo = QuizApp;
		};
		213C03EA2A6F051600ACE2C2 /* PBXContainerItemProxy */ = {
			isa = PBXContainerItemProxy;
			containerPortal = 213C03C12A6F051400ACE2C2 /* Project object */;
			proxyType = 1;
			remoteGlobalIDString = 213C03C82A6F051400ACE2C2;
			remoteInfo = QuizApp;
		};
/* End PBXContainerItemProxy section */

/* Begin PBXFileReference section */
		213C03C92A6F051400ACE2C2 /* QuizApp.app */ = {isa = PBXFileReference; explicitFileType = wrapper.application; includeInIndex = 0; path = QuizApp.app; sourceTree = BUILT_PRODUCTS_DIR; };
		213C03CC2A6F051400ACE2C2 /* AppDelegate.swift */ = {isa = PBXFileReference; lastKnownFileType = sourcecode.swift; path = AppDelegate.swift; sourceTree = "<group>"; };
		213C03CE2A6F051400ACE2C2 /* SceneDelegate.swift */ = {isa = PBXFileReference; lastKnownFileType = sourcecode.swift; path = SceneDelegate.swift; sourceTree = "<group>"; };
		213C03D02A6F051400ACE2C2 /* ViewController.swift */ = {isa = PBXFileReference; lastKnownFileType = sourcecode.swift; path = ViewController.swift; sourceTree = "<group>"; };
		213C03D32A6F051400ACE2C2 /* Base */ = {isa = PBXFileReference; lastKnownFileType = file.storyboard; name = Base; path = Base.lproj/Main.storyboard; sourceTree = "<group>"; };
		213C03D52A6F051600ACE2C2 /* Assets.xcassets */ = {isa = PBXFileReference; lastKnownFileType = folder.assetcatalog; path = Assets.xcassets; sourceTree = "<group>"; };
		213C03D82A6F051600ACE2C2 /* Base */ = {isa = PBXFileReference; lastKnownFileType = file.storyboard; name = Base; path = Base.lproj/LaunchScreen.storyboard; sourceTree = "<group>"; };
		213C03DA2A6F051600ACE2C2 /* Info.plist */ = {isa = PBXFileReference; lastKnownFileType = text.plist.xml; path = Info.plist; sourceTree = "<group>"; };
		213C03DF2A6F051600ACE2C2 /* QuizAppTests.xctest */ = {isa = PBXFileReference; explicitFileType = wrapper.cfbundle; includeInIndex = 0; path = QuizAppTests.xctest; sourceTree = BUILT_PRODUCTS_DIR; };
		213C03E32A6F051600ACE2C2 /* QuizAppTests.swift */ = {isa = PBXFileReference; lastKnownFileType = sourcecode.swift; path = QuizAppTests.swift; sourceTree = "<group>"; };
		213C03E92A6F051600ACE2C2 /* QuizAppUITests.xctest */ = {isa = PBXFileReference; explicitFileType = wrapper.cfbundle; includeInIndex = 0; path = QuizAppUITests.xctest; sourceTree = BUILT_PRODUCTS_DIR; };
		213C03ED2A6F051600ACE2C2 /* QuizAppUITests.swift */ = {isa = PBXFileReference; lastKnownFileType = sourcecode.swift; path = QuizAppUITests.swift; sourceTree = "<group>"; };
		213C03EF2A6F051600ACE2C2 /* QuizAppUITestsLaunchTests.swift */ = {isa = PBXFileReference; lastKnownFileType = sourcecode.swift; path = QuizAppUITestsLaunchTests.swift; sourceTree = "<group>"; };
		21ED3ACB2A7845B5008C2CA0 /* Question.swift */ = {isa = PBXFileReference; lastKnownFileType = sourcecode.swift; path = Question.swift; sourceTree = "<group>"; };
/* End PBXFileReference section */

/* Begin PBXFrameworksBuildPhase section */
		213C03C62A6F051400ACE2C2 /* Frameworks */ = {
			isa = PBXFrameworksBuildPhase;
			buildActionMask = 2147483647;
			files = (
			);
			runOnlyForDeploymentPostprocessing = 0;
		};
		213C03DC2A6F051600ACE2C2 /* Frameworks */ = {
			isa = PBXFrameworksBuildPhase;
			buildActionMask = 2147483647;
			files = (
			);
			runOnlyForDeploymentPostprocessing = 0;
		};
		213C03E62A6F051600ACE2C2 /* Frameworks */ = {
			isa = PBXFrameworksBuildPhase;
			buildActionMask = 2147483647;
			files = (
			);
			runOnlyForDeploymentPostprocessing = 0;
		};
/* End PBXFrameworksBuildPhase section */

/* Begin PBXGroup section */
		213C03C02A6F051400ACE2C2 = {
			isa = PBXGroup;
			children = (
				213C03CB2A6F051400ACE2C2 /* QuizApp */,
				213C03E22A6F051600ACE2C2 /* QuizAppTests */,
				213C03EC2A6F051600ACE2C2 /* QuizAppUITests */,
				213C03CA2A6F051400ACE2C2 /* Products */,
			);
			sourceTree = "<group>";
		};
		213C03CA2A6F051400ACE2C2 /* Products */ = {
			isa = PBXGroup;
			children = (
				213C03C92A6F051400ACE2C2 /* QuizApp.app */,
				213C03DF2A6F051600ACE2C2 /* QuizAppTests.xctest */,
				213C03E92A6F051600ACE2C2 /* QuizAppUITests.xctest */,
			);
			name = Products;
			sourceTree = "<group>";
		};
		213C03CB2A6F051400ACE2C2 /* QuizApp */ = {
			isa = PBXGroup;
			children = (
				213C03CC2A6F051400ACE2C2 /* AppDelegate.swift */,
				213C03CE2A6F051400ACE2C2 /* SceneDelegate.swift */,
				213C03D02A6F051400ACE2C2 /* ViewController.swift */,
				21ED3ACD2A784CE1008C2CA0 /* New Group */,
				213C03D22A6F051400ACE2C2 /* Main.storyboard */,
				213C03D52A6F051600ACE2C2 /* Assets.xcassets */,
				213C03D72A6F051600ACE2C2 /* LaunchScreen.storyboard */,
				213C03DA2A6F051600ACE2C2 /* Info.plist */,
				21ED3ACB2A7845B5008C2CA0 /* Question.swift */,
			);
			path = QuizApp;
			sourceTree = "<group>";
		};
		213C03E22A6F051600ACE2C2 /* QuizAppTests */ = {
			isa = PBXGroup;
			children = (
				213C03E32A6F051600ACE2C2 /* QuizAppTests.swift */,
			);
			path = QuizAppTests;
			sourceTree = "<group>";
		};
		213C03EC2A6F051600ACE2C2 /* QuizAppUITests */ = {
			isa = PBXGroup;
			children = (
				213C03ED2A6F051600ACE2C2 /* QuizAppUITests.swift */,
				213C03EF2A6F051600ACE2C2 /* QuizAppUITestsLaunchTests.swift */,
			);
			path = QuizAppUITests;
			sourceTree = "<group>";
		};
		21ED3ACD2A784CE1008C2CA0 /* New Group */ = {
			isa = PBXGroup;
			children = (
			);
			name = "New Group";
			sourceTree = "<group>";
		};
/* End PBXGroup section */

/* Begin PBXNativeTarget section */
		213C03C82A6F051400ACE2C2 /* QuizApp */ = {
			isa = PBXNativeTarget;
			buildConfigurationList = 213C03F32A6F051600ACE2C2 /* Build configuration list for PBXNativeTarget "QuizApp" */;
			buildPhases = (
				213C03C52A6F051400ACE2C2 /* Sources */,
				213C03C62A6F051400ACE2C2 /* Frameworks */,
				213C03C72A6F051400ACE2C2 /* Resources */,
			);
			buildRules = (
			);
			dependencies = (
			);
			name = QuizApp;
			productName = QuizApp;
			productReference = 213C03C92A6F051400ACE2C2 /* QuizApp.app */;
			productType = "com.apple.product-type.application";
		};
		213C03DE2A6F051600ACE2C2 /* QuizAppTests */ = {
			isa = PBXNativeTarget;
			buildConfigurationList = 213C03F62A6F051600ACE2C2 /* Build configuration list for PBXNativeTarget "QuizAppTests" */;
			buildPhases = (
				213C03DB2A6F051600ACE2C2 /* Sources */,
				213C03DC2A6F051600ACE2C2 /* Frameworks */,
				213C03DD2A6F051600ACE2C2 /* Resources */,
			);
			buildRules = (
			);
			dependencies = (
				213C03E12A6F051600ACE2C2 /* PBXTargetDependency */,
			);
			name = QuizAppTests;
			productName = QuizAppTests;
			productReference = 213C03DF2A6F051600ACE2C2 /* QuizAppTests.xctest */;
			productType = "com.apple.product-type.bundle.unit-test";
		};
		213C03E82A6F051600ACE2C2 /* QuizAppUITests */ = {
			isa = PBXNativeTarget;
			buildConfigurationList = 213C03F92A6F051600ACE2C2 /* Build configuration list for PBXNativeTarget "QuizAppUITests" */;
			buildPhases = (
				213C03E52A6F051600ACE2C2 /* Sources */,
				213C03E62A6F051600ACE2C2 /* Frameworks */,
				213C03E72A6F051600ACE2C2 /* Resources */,
			);
			buildRules = (
			);
			dependencies = (
				213C03EB2A6F051600ACE2C2 /* PBXTargetDependency */,
			);
			name = QuizAppUITests;
			productName = QuizAppUITests;
			productReference = 213C03E92A6F051600ACE2C2 /* QuizAppUITests.xctest */;
			productType = "com.apple.product-type.bundle.ui-testing";
		};
/* End PBXNativeTarget section */

/* Begin PBXProject section */
		213C03C12A6F051400ACE2C2 /* Project object */ = {
			isa = PBXProject;
			attributes = {
				BuildIndependentTargetsInParallel = 1;
				LastSwiftUpdateCheck = 1430;
				LastUpgradeCheck = 1430;
				TargetAttributes = {
					213C03C82A6F051400ACE2C2 = {
						CreatedOnToolsVersion = 14.3.1;
					};
					213C03DE2A6F051600ACE2C2 = {
						CreatedOnToolsVersion = 14.3.1;
						TestTargetID = 213C03C82A6F051400ACE2C2;
					};
					213C03E82A6F051600ACE2C2 = {
						CreatedOnToolsVersion = 14.3.1;
						TestTargetID = 213C03C82A6F051400ACE2C2;
					};
				};
			};
			buildConfigurationList = 213C03C42A6F051400ACE2C2 /* Build configuration list for PBXProject "QuizApp" */;
			compatibilityVersion = "Xcode 14.0";
			developmentRegion = en;
			hasScannedForEncodings = 0;
			knownRegions = (
				en,
				Base,
			);
			mainGroup = 213C03C02A6F051400ACE2C2;
			productRefGroup = 213C03CA2A6F051400ACE2C2 /* Products */;
			projectDirPath = "";
			projectRoot = "";
			targets = (
				213C03C82A6F051400ACE2C2 /* QuizApp */,
				213C03DE2A6F051600ACE2C2 /* QuizAppTests */,
				213C03E82A6F051600ACE2C2 /* QuizAppUITests */,
			);
		};
/* End PBXProject section */

/* Begin PBXResourcesBuildPhase section */
		213C03C72A6F051400ACE2C2 /* Resources */ = {
			isa = PBXResourcesBuildPhase;
			buildActionMask = 2147483647;
			files = (
				213C03D92A6F051600ACE2C2 /* LaunchScreen.storyboard in Resources */,
				213C03D62A6F051600ACE2C2 /* Assets.xcassets in Resources */,
				213C03D42A6F051400ACE2C2 /* Main.storyboard in Resources */,
			);
			runOnlyForDeploymentPostprocessing = 0;
		};
		213C03DD2A6F051600ACE2C2 /* Resources */ = {
			isa = PBXResourcesBuildPhase;
			buildActionMask = 2147483647;
			files = (
			);
			runOnlyForDeploymentPostprocessing = 0;
		};
		213C03E72A6F051600ACE2C2 /* Resources */ = {
			isa = PBXResourcesBuildPhase;
			buildActionMask = 2147483647;
			files = (
			);
			runOnlyForDeploymentPostprocessing = 0;
		};
/* End PBXResourcesBuildPhase section */

/* Begin PBXSourcesBuildPhase section */
		213C03C52A6F051400ACE2C2 /* Sources */ = {
			isa = PBXSourcesBuildPhase;
			buildActionMask = 2147483647;
			files = (
				213C03D12A6F051400ACE2C2 /* ViewController.swift in Sources */,
				21ED3ACC2A7845B5008C2CA0 /* Question.swift in Sources */,
				213C03CD2A6F051400ACE2C2 /* AppDelegate.swift in Sources */,
				213C03CF2A6F051400ACE2C2 /* SceneDelegate.swift in Sources */,
			);
			runOnlyForDeploymentPostprocessing = 0;
		};
		213C03DB2A6F051600ACE2C2 /* Sources */ = {
			isa = PBXSourcesBuildPhase;
			buildActionMask = 2147483647;
			files = (
				213C03E42A6F051600ACE2C2 /* QuizAppTests.swift in Sources */,
			);
			runOnlyForDeploymentPostprocessing = 0;
		};
		213C03E52A6F051600ACE2C2 /* Sources */ = {
			isa = PBXSourcesBuildPhase;
			buildActionMask = 2147483647;
			files = (
				213C03EE2A6F051600ACE2C2 /* QuizAppUITests.swift in Sources */,
				213C03F02A6F051600ACE2C2 /* QuizAppUITestsLaunchTests.swift in Sources */,
			);
			runOnlyForDeploymentPostprocessing = 0;
		};
/* End PBXSourcesBuildPhase section */

/* Begin PBXTargetDependency section */
		213C03E12A6F051600ACE2C2 /* PBXTargetDependency */ = {
			isa = PBXTargetDependency;
			target = 213C03C82A6F051400ACE2C2 /* QuizApp */;
			targetProxy = 213C03E02A6F051600ACE2C2 /* PBXContainerItemProxy */;
		};
		213C03EB2A6F051600ACE2C2 /* PBXTargetDependency */ = {
			isa = PBXTargetDependency;
			target = 213C03C82A6F051400ACE2C2 /* QuizApp */;
			targetProxy = 213C03EA2A6F051600ACE2C2 /* PBXContainerItemProxy */;
		};
/* End PBXTargetDependency section */

/* Begin PBXVariantGroup section */
		213C03D22A6F051400ACE2C2 /* Main.storyboard */ = {
			isa = PBXVariantGroup;
			children = (
				213C03D32A6F051400ACE2C2 /* Base */,
			);
			name = Main.storyboard;
			sourceTree = "<group>";
		};
		213C03D72A6F051600ACE2C2 /* LaunchScreen.storyboard */ = {
			isa = PBXVariantGroup;
			children = (
				213C03D82A6F051600ACE2C2 /* Base */,
			);
			name = LaunchScreen.storyboard;
			sourceTree = "<group>";
		};
/* End PBXVariantGroup section */

/* Begin XCBuildConfiguration section */
		213C03F12A6F051600ACE2C2 /* Debug */ = {
			isa = XCBuildConfiguration;
			buildSettings = {
				ALWAYS_SEARCH_USER_PATHS = NO;
				CLANG_ANALYZER_NONNULL = YES;
				CLANG_ANALYZER_NUMBER_OBJECT_CONVERSION = YES_AGGRESSIVE;
				CLANG_CXX_LANGUAGE_STANDARD = "gnu++20";
				CLANG_ENABLE_MODULES = YES;
				CLANG_ENABLE_OBJC_ARC = YES;
				CLANG_ENABLE_OBJC_WEAK = YES;
				CLANG_WARN_BLOCK_CAPTURE_AUTORELEASING = YES;
				CLANG_WARN_BOOL_CONVERSION = YES;
				CLANG_WARN_COMMA = YES;
				CLANG_WARN_CONSTANT_CONVERSION = YES;
				CLANG_WARN_DEPRECATED_OBJC_IMPLEMENTATIONS = YES;
				CLANG_WARN_DIRECT_OBJC_ISA_USAGE = YES_ERROR;
				CLANG_WARN_DOCUMENTATION_COMMENTS = YES;
				CLANG_WARN_EMPTY_BODY = YES;
				CLANG_WARN_ENUM_CONVERSION = YES;
				CLANG_WARN_INFINITE_RECURSION = YES;
				CLANG_WARN_INT_CONVERSION = YES;
				CLANG_WARN_NON_LITERAL_NULL_CONVERSION = YES;
				CLANG_WARN_OBJC_IMPLICIT_RETAIN_SELF = YES;
				CLANG_WARN_OBJC_LITERAL_CONVERSION = YES;
				CLANG_WARN_OBJC_ROOT_CLASS = YES_ERROR;
				CLANG_WARN_QUOTED_INCLUDE_IN_FRAMEWORK_HEADER = YES;
				CLANG_WARN_RANGE_LOOP_ANALYSIS = YES;
				CLANG_WARN_STRICT_PROTOTYPES = YES;
				CLANG_WARN_SUSPICIOUS_MOVE = YES;
				CLANG_WARN_UNGUARDED_AVAILABILITY = YES_AGGRESSIVE;
				CLANG_WARN_UNREACHABLE_CODE = YES;
				CLANG_WARN__DUPLICATE_METHOD_MATCH = YES;
				COPY_PHASE_STRIP = NO;
				DEBUG_INFORMATION_FORMAT = dwarf;
				ENABLE_STRICT_OBJC_MSGSEND = YES;
				ENABLE_TESTABILITY = YES;
				GCC_C_LANGUAGE_STANDARD = gnu11;
				GCC_DYNAMIC_NO_PIC = NO;
				GCC_NO_COMMON_BLOCKS = YES;
				GCC_OPTIMIZATION_LEVEL = 0;
				GCC_PREPROCESSOR_DEFINITIONS = (
					"DEBUG=1",
					"$(inherited)",
				);
				GCC_WARN_64_TO_32_BIT_CONVERSION = YES;
				GCC_WARN_ABOUT_RETURN_TYPE = YES_ERROR;
				GCC_WARN_UNDECLARED_SELECTOR = YES;
				GCC_WARN_UNINITIALIZED_AUTOS = YES_AGGRESSIVE;
				GCC_WARN_UNUSED_FUNCTION = YES;
				GCC_WARN_UNUSED_VARIABLE = YES;
				IPHONEOS_DEPLOYMENT_TARGET = 16.4;
				MTL_ENABLE_DEBUG_INFO = INCLUDE_SOURCE;
				MTL_FAST_MATH = YES;
				ONLY_ACTIVE_ARCH = YES;
				SDKROOT = iphoneos;
				SWIFT_ACTIVE_COMPILATION_CONDITIONS = DEBUG;
				SWIFT_OPTIMIZATION_LEVEL = "-Onone";
			};
			name = Debug;
		};
		213C03F22A6F051600ACE2C2 /* Release */ = {
			isa = XCBuildConfiguration;
			buildSettings = {
				ALWAYS_SEARCH_USER_PATHS = NO;
				CLANG_ANALYZER_NONNULL = YES;
				CLANG_ANALYZER_NUMBER_OBJECT_CONVERSION = YES_AGGRESSIVE;
				CLANG_CXX_LANGUAGE_STANDARD = "gnu++20";
				CLANG_ENABLE_MODULES = YES;
				CLANG_ENABLE_OBJC_ARC = YES;
				CLANG_ENABLE_OBJC_WEAK = YES;
				CLANG_WARN_BLOCK_CAPTURE_AUTORELEASING = YES;
				CLANG_WARN_BOOL_CONVERSION = YES;
				CLANG_WARN_COMMA = YES;
				CLANG_WARN_CONSTANT_CONVERSION = YES;
				CLANG_WARN_DEPRECATED_OBJC_IMPLEMENTATIONS = YES;
				CLANG_WARN_DIRECT_OBJC_ISA_USAGE = YES_ERROR;
				CLANG_WARN_DOCUMENTATION_COMMENTS = YES;
				CLANG_WARN_EMPTY_BODY = YES;
				CLANG_WARN_ENUM_CONVERSION = YES;
				CLANG_WARN_INFINITE_RECURSION = YES;
				CLANG_WARN_INT_CONVERSION = YES;
				CLANG_WARN_NON_LITERAL_NULL_CONVERSION = YES;
				CLANG_WARN_OBJC_IMPLICIT_RETAIN_SELF = YES;
				CLANG_WARN_OBJC_LITERAL_CONVERSION = YES;
				CLANG_WARN_OBJC_ROOT_CLASS = YES_ERROR;
				CLANG_WARN_QUOTED_INCLUDE_IN_FRAMEWORK_HEADER = YES;
				CLANG_WARN_RANGE_LOOP_ANALYSIS = YES;
				CLANG_WARN_STRICT_PROTOTYPES = YES;
				CLANG_WARN_SUSPICIOUS_MOVE = YES;
				CLANG_WARN_UNGUARDED_AVAILABILITY = YES_AGGRESSIVE;
				CLANG_WARN_UNREACHABLE_CODE = YES;
				CLANG_WARN__DUPLICATE_METHOD_MATCH = YES;
				COPY_PHASE_STRIP = NO;
				DEBUG_INFORMATION_FORMAT = "dwarf-with-dsym";
				ENABLE_NS_ASSERTIONS = NO;
				ENABLE_STRICT_OBJC_MSGSEND = YES;
				GCC_C_LANGUAGE_STANDARD = gnu11;
				GCC_NO_COMMON_BLOCKS = YES;
				GCC_WARN_64_TO_32_BIT_CONVERSION = YES;
				GCC_WARN_ABOUT_RETURN_TYPE = YES_ERROR;
				GCC_WARN_UNDECLARED_SELECTOR = YES;
				GCC_WARN_UNINITIALIZED_AUTOS = YES_AGGRESSIVE;
				GCC_WARN_UNUSED_FUNCTION = YES;
				GCC_WARN_UNUSED_VARIABLE = YES;
				IPHONEOS_DEPLOYMENT_TARGET = 16.4;
				MTL_ENABLE_DEBUG_INFO = NO;
				MTL_FAST_MATH = YES;
				SDKROOT = iphoneos;
				SWIFT_COMPILATION_MODE = wholemodule;
				SWIFT_OPTIMIZATION_LEVEL = "-O";
				VALIDATE_PRODUCT = YES;
			};
			name = Release;
		};
		213C03F42A6F051600ACE2C2 /* Debug */ = {
			isa = XCBuildConfiguration;
			buildSettings = {
				ASSETCATALOG_COMPILER_APPICON_NAME = AppIcon;
				ASSETCATALOG_COMPILER_GLOBAL_ACCENT_COLOR_NAME = AccentColor;
				CODE_SIGN_STYLE = Automatic;
				CURRENT_PROJECT_VERSION = 1;
				GENERATE_INFOPLIST_FILE = YES;
				INFOPLIST_FILE = QuizApp/Info.plist;
				INFOPLIST_KEY_UIApplicationSupportsIndirectInputEvents = YES;
				INFOPLIST_KEY_UILaunchStoryboardName = LaunchScreen;
				INFOPLIST_KEY_UIMainStoryboardFile = Main;
				INFOPLIST_KEY_UISupportedInterfaceOrientations_iPad = "UIInterfaceOrientationPortrait UIInterfaceOrientationPortraitUpsideDown UIInterfaceOrientationLandscapeLeft UIInterfaceOrientationLandscapeRight";
				INFOPLIST_KEY_UISupportedInterfaceOrientations_iPhone = "UIInterfaceOrientationPortrait UIInterfaceOrientationLandscapeLeft UIInterfaceOrientationLandscapeRight";
				LD_RUNPATH_SEARCH_PATHS = (
					"$(inherited)",
					"@executable_path/Frameworks",
				);
				MARKETING_VERSION = 1.0;
				PRODUCT_BUNDLE_IDENTIFIER = aj.QuizApp;
				PRODUCT_NAME = "$(TARGET_NAME)";
				SWIFT_EMIT_LOC_STRINGS = YES;
				SWIFT_VERSION = 5.0;
				TARGETED_DEVICE_FAMILY = "1,2";
			};
			name = Debug;
		};
		213C03F52A6F051600ACE2C2 /* Release */ = {
			isa = XCBuildConfiguration;
			buildSettings = {
				ASSETCATALOG_COMPILER_APPICON_NAME = AppIcon;
				ASSETCATALOG_COMPILER_GLOBAL_ACCENT_COLOR_NAME = AccentColor;
				CODE_SIGN_STYLE = Automatic;
				CURRENT_PROJECT_VERSION = 1;
				GENERATE_INFOPLIST_FILE = YES;
				INFOPLIST_FILE = QuizApp/Info.plist;
				INFOPLIST_KEY_UIApplicationSupportsIndirectInputEvents = YES;
				INFOPLIST_KEY_UILaunchStoryboardName = LaunchScreen;
				INFOPLIST_KEY_UIMainStoryboardFile = Main;
				INFOPLIST_KEY_UISupportedInterfaceOrientations_iPad = "UIInterfaceOrientationPortrait UIInterfaceOrientationPortraitUpsideDown UIInterfaceOrientationLandscapeLeft UIInterfaceOrientationLandscapeRight";
				INFOPLIST_KEY_UISupportedInterfaceOrientations_iPhone = "UIInterfaceOrientationPortrait UIInterfaceOrientationLandscapeLeft UIInterfaceOrientationLandscapeRight";
				LD_RUNPATH_SEARCH_PATHS = (
					"$(inherited)",
					"@executable_path/Frameworks",
				);
				MARKETING_VERSION = 1.0;
				PRODUCT_BUNDLE_IDENTIFIER = aj.QuizApp;
				PRODUCT_NAME = "$(TARGET_NAME)";
				SWIFT_EMIT_LOC_STRINGS = YES;
				SWIFT_VERSION = 5.0;
				TARGETED_DEVICE_FAMILY = "1,2";
			};
			name = Release;
		};
		213C03F72A6F051600ACE2C2 /* Debug */ = {
			isa = XCBuildConfiguration;
			buildSettings = {
				ALWAYS_EMBED_SWIFT_STANDARD_LIBRARIES = YES;
				BUNDLE_LOADER = "$(TEST_HOST)";
				CODE_SIGN_STYLE = Automatic;
				CURRENT_PROJECT_VERSION = 1;
				GENERATE_INFOPLIST_FILE = YES;
				IPHONEOS_DEPLOYMENT_TARGET = 16.4;
				MARKETING_VERSION = 1.0;
				PRODUCT_BUNDLE_IDENTIFIER = aj.QuizAppTests;
				PRODUCT_NAME = "$(TARGET_NAME)";
				SWIFT_EMIT_LOC_STRINGS = NO;
				SWIFT_VERSION = 5.0;
				TARGETED_DEVICE_FAMILY = "1,2";
				TEST_HOST = "$(BUILT_PRODUCTS_DIR)/QuizApp.app/$(BUNDLE_EXECUTABLE_FOLDER_PATH)/QuizApp";
			};
			name = Debug;
		};
		213C03F82A6F051600ACE2C2 /* Release */ = {
			isa = XCBuildConfiguration;
			buildSettings = {
				ALWAYS_EMBED_SWIFT_STANDARD_LIBRARIES = YES;
				BUNDLE_LOADER = "$(TEST_HOST)";
				CODE_SIGN_STYLE = Automatic;
				CURRENT_PROJECT_VERSION = 1;
				GENERATE_INFOPLIST_FILE = YES;
				IPHONEOS_DEPLOYMENT_TARGET = 16.4;
				MARKETING_VERSION = 1.0;
				PRODUCT_BUNDLE_IDENTIFIER = aj.QuizAppTests;
				PRODUCT_NAME = "$(TARGET_NAME)";
				SWIFT_EMIT_LOC_STRINGS = NO;
				SWIFT_VERSION = 5.0;
				TARGETED_DEVICE_FAMILY = "1,2";
				TEST_HOST = "$(BUILT_PRODUCTS_DIR)/QuizApp.app/$(BUNDLE_EXECUTABLE_FOLDER_PATH)/QuizApp";
			};
			name = Release;
		};
		213C03FA2A6F051600ACE2C2 /* Debug */ = {
			isa = XCBuildConfiguration;
			buildSettings = {
				ALWAYS_EMBED_SWIFT_STANDARD_LIBRARIES = YES;
				CODE_SIGN_STYLE = Automatic;
				CURRENT_PROJECT_VERSION = 1;
				GENERATE_INFOPLIST_FILE = YES;
				MARKETING_VERSION = 1.0;
				PRODUCT_BUNDLE_IDENTIFIER = aj.QuizAppUITests;
				PRODUCT_NAME = "$(TARGET_NAME)";
				SWIFT_EMIT_LOC_STRINGS = NO;
				SWIFT_VERSION = 5.0;
				TARGETED_DEVICE_FAMILY = "1,2";
				TEST_TARGET_NAME = QuizApp;
			};
			name = Debug;
		};
		213C03FB2A6F051600ACE2C2 /* Release */ = {
			isa = XCBuildConfiguration;
			buildSettings = {
				ALWAYS_EMBED_SWIFT_STANDARD_LIBRARIES = YES;
				CODE_SIGN_STYLE = Automatic;
				CURRENT_PROJECT_VERSION = 1;
				GENERATE_INFOPLIST_FILE = YES;
				MARKETING_VERSION = 1.0;
				PRODUCT_BUNDLE_IDENTIFIER = aj.QuizAppUITests;
				PRODUCT_NAME = "$(TARGET_NAME)";
				SWIFT_EMIT_LOC_STRINGS = NO;
				SWIFT_VERSION = 5.0;
				TARGETED_DEVICE_FAMILY = "1,2";
				TEST_TARGET_NAME = QuizApp;
			};
			name = Release;
		};
/* End XCBuildConfiguration section */

/* Begin XCConfigurationList section */
		213C03C42A6F051400ACE2C2 /* Build configuration list for PBXProject "QuizApp" */ = {
			isa = XCConfigurationList;
			buildConfigurations = (
				213C03F12A6F051600ACE2C2 /* Debug */,
				213C03F22A6F051600ACE2C2 /* Release */,
			);
			defaultConfigurationIsVisible = 0;
			defaultConfigurationName = Release;
		};
		213C03F32A6F051600ACE2C2 /* Build configuration list for PBXNativeTarget "QuizApp" */ = {
			isa = XCConfigurationList;
			buildConfigurations = (
				213C03F42A6F051600ACE2C2 /* Debug */,
				213C03F52A6F051600ACE2C2 /* Release */,
			);
			defaultConfigurationIsVisible = 0;
			defaultConfigurationName = Release;
		};
		213C03F62A6F051600ACE2C2 /* Build configuration list for PBXNativeTarget "QuizAppTests" */ = {
			isa = XCConfigurationList;
			buildConfigurations = (
				213C03F72A6F051600ACE2C2 /* Debug */,
				213C03F82A6F051600ACE2C2 /* Release */,
			);
			defaultConfigurationIsVisible = 0;
			defaultConfigurationName = Release;
		};
		213C03F92A6F051600ACE2C2 /* Build configuration list for PBXNativeTarget "QuizAppUITests" */ = {
			isa = XCConfigurationList;
			buildConfigurations = (
				213C03FA2A6F051600ACE2C2 /* Debug */,
				213C03FB2A6F051600ACE2C2 /* Release */,
			);
			defaultConfigurationIsVisible = 0;
			defaultConfigurationName = Release;
		};
/* End XCConfigurationList section */
	};
	rootObject = 213C03C12A6F051400ACE2C2 /* Project object */;
}
